
Microsoft Visual Studio Solution File, Format Version 12.00
# Visual Studio 2012
Project("{FAE04EC0-301F-11D3-BF4B-00C04F79EFBC}") = "AdminAgropet", "AdminAgropet.csproj", "{9843174F-E414-4F27-8013-FF91576D2026}"
EndProject
Project("{FAE04EC0-301F-11D3-BF4B-00C04F79EFBC}") = "Utilidades", "..\Utilidades\Utilidades.csproj", "{EDA6EE69-04BC-421D-9241-129704D18A8B}"
EndProject
Project("{2150E333-8FDC-42A3-9474-1A3956D46DE8}") = "Base", "Base", "{4819F274-3502-4566-B406-DCDAAAF488F5}"
EndProject
Project("{2150E333-8FDC-42A3-9474-1A3956D46DE8}") = "AgroPET", "AgroPET", "{B48D0898-D235-4132-81E2-71791961E30C}"
EndProject
Project("{FAE04EC0-301F-11D3-BF4B-00C04F79EFBC}") = "AgroPET.Entidades", "..\Agropet.Entidades\AgroPET.Entidades.csproj", "{6B241973-ACFD-4C80-9C5A-D75814D90EF6}"
EndProject
Project("{FAE04EC0-301F-11D3-BF4B-00C04F79EFBC}") = "AgroPET.Datos", "AgroPET.Datos\AgroPET.Datos.csproj", "{B7B33CE4-F732-4C34-B9A9-29C799ECDD05}"
EndProject
Project("{FAE04EC0-301F-11D3-BF4B-00C04F79EFBC}") = "AgropPET.Negocio", "..\AgropPET.Negocio\AgropPET.Negocio.csproj", "{26CFD05D-D2D7-4D32-9E52-E6E1CDEC9643}"
EndProject
Project("{FAE04EC0-301F-11D3-BF4B-00C04F79EFBC}") = "InterfacesAgroPET", "..\InterfacesAgroPET\InterfacesAgroPET.csproj", "{370AEFE8-AEFC-4DE3-B2B6-D80FF20054F0}"
EndProject
Global
	GlobalSection(SolutionConfigurationPlatforms) = preSolution
		Debug|Any CPU = Debug|Any CPU
		Debug|x64 = Debug|x64
		Release|Any CPU = Release|Any CPU
		Release|x64 = Release|x64
	EndGlobalSection
	GlobalSection(ProjectConfigurationPlatforms) = postSolution
		{9843174F-E414-4F27-8013-FF91576D2026}.Debug|Any CPU.ActiveCfg = Debug|Any CPU
		{9843174F-E414-4F27-8013-FF91576D2026}.Debug|Any CPU.Build.0 = Debug|Any CPU
		{9843174F-E414-4F27-8013-FF91576D2026}.Debug|x64.ActiveCfg = Debug|Any CPU
		{9843174F-E414-4F27-8013-FF91576D2026}.Release|Any CPU.ActiveCfg = Release|Any CPU
		{9843174F-E414-4F27-8013-FF91576D2026}.Release|Any CPU.Build.0 = Release|Any CPU
		{9843174F-E414-4F27-8013-FF91576D2026}.Release|x64.ActiveCfg = Release|Any CPU
		{EDA6EE69-04BC-421D-9241-129704D18A8B}.Debug|Any CPU.ActiveCfg = Debug|Any CPU
		{EDA6EE69-04BC-421D-9241-129704D18A8B}.Debug|Any CPU.Build.0 = Debug|Any CPU
		{EDA6EE69-04BC-421D-9241-129704D18A8B}.Debug|x64.ActiveCfg = Debug|x64
		{EDA6EE69-04BC-421D-9241-129704D18A8B}.Debug|x64.Build.0 = Debug|x64
		{EDA6EE69-04BC-421D-9241-129704D18A8B}.Release|Any CPU.ActiveCfg = Release|Any CPU
		{EDA6EE69-04BC-421D-9241-129704D18A8B}.Release|Any CPU.Build.0 = Release|Any CPU
		{EDA6EE69-04BC-421D-9241-129704D18A8B}.Release|x64.ActiveCfg = Release|x64
		{EDA6EE69-04BC-421D-9241-129704D18A8B}.Release|x64.Build.0 = Release|x64
		{6B241973-ACFD-4C80-9C5A-D75814D90EF6}.Debug|Any CPU.ActiveCfg = Debug|Any CPU
		{6B241973-ACFD-4C80-9C5A-D75814D90EF6}.Debug|Any CPU.Build.0 = Debug|Any CPU
		{6B241973-ACFD-4C80-9C5A-D75814D90EF6}.Debug|x64.ActiveCfg = Debug|Any CPU
		{6B241973-ACFD-4C80-9C5A-D75814D90EF6}.Release|Any CPU.ActiveCfg = Release|Any CPU
		{6B241973-ACFD-4C80-9C5A-D75814D90EF6}.Release|Any CPU.Build.0 = Release|Any CPU
		{6B241973-ACFD-4C80-9C5A-D75814D90EF6}.Release|x64.ActiveCfg = Release|Any CPU
		{B7B33CE4-F732-4C34-B9A9-29C799ECDD05}.Debug|Any CPU.ActiveCfg = Debug|Any CPU
		{B7B33CE4-F732-4C34-B9A9-29C799ECDD05}.Debug|Any CPU.Build.0 = Debug|Any CPU
		{B7B33CE4-F732-4C34-B9A9-29C799ECDD05}.Debug|x64.ActiveCfg = Debug|Any CPU
		{B7B33CE4-F732-4C34-B9A9-29C799ECDD05}.Release|Any CPU.ActiveCfg = Release|Any CPU
		{B7B33CE4-F732-4C34-B9A9-29C799ECDD05}.Release|Any CPU.Build.0 = Release|Any CPU
		{B7B33CE4-F732-4C34-B9A9-29C799ECDD05}.Release|x64.ActiveCfg = Release|Any CPU
		{26CFD05D-D2D7-4D32-9E52-E6E1CDEC9643}.Debug|Any CPU.ActiveCfg = Debug|Any CPU
		{26CFD05D-D2D7-4D32-9E52-E6E1CDEC9643}.Debug|Any CPU.Build.0 = Debug|Any CPU
		{26CFD05D-D2D7-4D32-9E52-E6E1CDEC9643}.Debug|x64.ActiveCfg = Debug|Any CPU
		{26CFD05D-D2D7-4D32-9E52-E6E1CDEC9643}.Release|Any CPU.ActiveCfg = Release|Any CPU
		{26CFD05D-D2D7-4D32-9E52-E6E1CDEC9643}.Release|Any CPU.Build.0 = Release|Any CPU
		{26CFD05D-D2D7-4D32-9E52-E6E1CDEC9643}.Release|x64.ActiveCfg = Release|Any CPU
		{370AEFE8-AEFC-4DE3-B2B6-D80FF20054F0}.Debug|Any CPU.ActiveCfg = Debug|Any CPU
		{370AEFE8-AEFC-4DE3-B2B6-D80FF20054F0}.Debug|Any CPU.Build.0 = Debug|Any CPU
		{370AEFE8-AEFC-4DE3-B2B6-D80FF20054F0}.Debug|x64.ActiveCfg = Debug|Any CPU
		{370AEFE8-AEFC-4DE3-B2B6-D80FF20054F0}.Release|Any CPU.ActiveCfg = Release|Any CPU
		{370AEFE8-AEFC-4DE3-B2B6-D80FF20054F0}.Release|Any CPU.Build.0 = Release|Any CPU
		{370AEFE8-AEFC-4DE3-B2B6-D80FF20054F0}.Release|x64.ActiveCfg = Release|Any CPU
	EndGlobalSection
	GlobalSection(SolutionProperties) = preSolution
		HideSolutionNode = FALSE
	EndGlobalSection
	GlobalSection(NestedProjects) = preSolution
		{EDA6EE69-04BC-421D-9241-129704D18A8B} = {4819F274-3502-4566-B406-DCDAAAF488F5}
		{6B241973-ACFD-4C80-9C5A-D75814D90EF6} = {B48D0898-D235-4132-81E2-71791961E30C}
		{B7B33CE4-F732-4C34-B9A9-29C799ECDD05} = {B48D0898-D235-4132-81E2-71791961E30C}
		{26CFD05D-D2D7-4D32-9E52-E6E1CDEC9643} = {B48D0898-D235-4132-81E2-71791961E30C}
		{370AEFE8-AEFC-4DE3-B2B6-D80FF20054F0} = {B48D0898-D235-4132-81E2-71791961E30C}
	EndGlobalSection
EndGlobal
